
Microsoft Visual Studio Solution File, Format Version 12.00
# Visual Studio Version 17
VisualStudioVersion = 17.3.32825.248
MinimumVisualStudioVersion = 10.0.40219.1
Project("{FAE04EC0-301F-11D3-BF4B-00C04F79EFBC}") = "TestYourself API", "TestYourself API\TestYourself API.csproj", "{69A2B146-548C-4A30-8CE1-D7C06694FEEA}"
EndProject
Global
	GlobalSection(SolutionConfigurationPlatforms) = preSolution
		Debug|Any CPU = Debug|Any CPU
		Release|Any CPU = Release|Any CPU
	EndGlobalSection
	GlobalSection(ProjectConfigurationPlatforms) = postSolution
		{69A2B146-548C-4A30-8CE1-D7C06694FEEA}.Debug|Any CPU.ActiveCfg = Debug|Any CPU
		{69A2B146-548C-4A30-8CE1-D7C06694FEEA}.Debug|Any CPU.Build.0 = Debug|Any CPU
		{69A2B146-548C-4A30-8CE1-D7C06694FEEA}.Release|Any CPU.ActiveCfg = Release|Any CPU
		{69A2B146-548C-4A30-8CE1-D7C06694FEEA}.Release|Any CPU.Build.0 = Release|Any CPU
	EndGlobalSection
	GlobalSection(SolutionProperties) = preSolution
		HideSolutionNode = FALSE
	EndGlobalSection
	GlobalSection(ExtensibilityGlobals) = postSolution
		SolutionGuid = {454CF407-FC4A-4023-ABC6-244F969D2E44}
	EndGlobalSection
EndGlobal
